github.com/BurntSushi/toml v0.3.1/go.mod h1:xHWCNGjB5oqiDr8zfno3MHue2Ht5sIBksp03qcyfWMU=
github.com/PaesslerAG/gval v1.0.0 h1:GEKnRwkWDdf9dOmKcNrar9EA1bz1z9DqPIO1+iLzhd8=
github.com/PaesslerAG/gval v1.0.0/go.mod h1:y/nm5yEyTeX6av0OfKJNp9rBNj2XrGhAf5+v24IBN1I=
github.com/PaesslerAG/jsonpath v0.1.0/go.mod h1:4BzmtoM/PI8fPO4aQGIusjGxGir2BzcV0grWtFzq1Y8=
github.com/PaesslerAG/jsonpath v0.1.1 h1:c1/AToHQMVsduPAa4Vh6xp2U0evy4t8SWp8imEsylIk=
github.com/PaesslerAG/jsonpath v0.1.1/go.mod h1:lVboNxFGal/VwW6d9JzIy56bUsYAP6tH/x80vjnCseY=
github.com/aws/aws-lambda-go v1.16.0 h1:9+Pp1/6cjEXYhwadp8faFXKSOWt7/tHRCnQxQmKvVwM=
github.com/aws/aws-lambda-go v1.16.0/go.mod h1:FEwgPLE6+8wcGBTe5cJN3JWurd1Ztm9zN4jsXsjzKKw=
github.com/cpuguy83/go-md2man/v2 v2.0.0-20190314233015-f79a8a8ca69d/go.mod h1:maD7wRr/U5Z6m/iR4s+kqSMx2CaBsrgA7czyZG/E6dU=
github.com/davecgh/go-spew v1.1.0 h1:ZDRjVQ15GmhC3fiQ8ni8+OwkZQO4DARzQgrnXU1Liz8=
github.com/davecgh/go-spew v1.1.0/go.mod h1:J7Y8YcW2NihsgmVo/mv3lAwl/skON4iLHjSsI+c5H38=
github.com/google/uuid v1.1.1 h1:Gkbcsh/GbpXz7lPftLA3P6TYMwjCLYm83jiFQZF/3gY=
github.com/google/uuid v1.1.1/go.mod h1:TIyPZe4MgqvfeYDBFedMoGGpEw/LqOeaOT+nhxU+yHo=
github.com/gorilla/reverse v1.0.0 h1:F7Z1VvSYP8SpFwOaJ0WNvYOFKPYMHfgaSBvK2DWrJ7w=
github.com/gorilla/reverse v1.0.0/go.mod h1:nG8Q4FFSRvK6cKcXOmYhB/jT5foldaGeoSSUU0votq0=
github.com/pmezard/go-difflib v1.0.0 h1:4DBwDE0NGyQoBHbLQYPwSUPoCMWR5BEzIk/f1lZbAQM=
github.com/pmezard/go-difflib v1.0.0/go.mod h1:iKH77koFhYxTK1pcRnkKkqfTogsbg7gZNVY4sRDYZ/4=
github.com/russross/blackfriday/v2 v2.0.1/go.mod h1:+Rmxgy9KzJVeS9/2gXHxylqXiyQDYRxCVz55jmeOWTM=
github.com/shurcooL/sanitized_anchor_name v1.0.0/go.mod h1:1NzhyTcUVG4SuEtjjoZeVRXNmyL/1OwPU0+IJeTBvfc=
github.com/steinfletcher/apitest v1.4.0/go.mod h1:pCHKMM2TcH1pezw/xbmilaCdK9/dGsoCZBafwaqJ2sY=
github.com/steinfletcher/apitest v1.4.6 h1:7IhnjUVTdKdNIhsHskIDNhN5JJbxuv1+e42LFDSxnjI=
github.com/steinfletcher/apitest v1.4.6/go.mod h1:yaYc9GDlj4fa0qUUDywqAmrELlNbDrBwd36Zgo5hMZo=
github.com/steinfletcher/apitest-jsonpath v1.5.0 h1:0hbqU0ei/zXiFM6pBA3pUxOTj625h+jskweC/RF3tK8=
github.com/steinfletcher/apitest-jsonpath v1.5.0/go.mod h1:vGnqPZoJGbsGS3Jd/nkEIG3tLxAH+ALPX2W8XJdzBms=
github.com/stretchr/objx v0.1.0/go.mod h1:HFkY916IF+rwdDfMAkV7OtwuqBVzrE8GR6GFx+wExME=
github.com/stretchr/testify v1.4.0/go.mod h1:j7eGeouHqKxXV5pUuKE4zz7dFj8WfuZ+81PSLYec5m4=
github.com/stretchr/testify v1.5.1 h1:nOGnQDM7FYENwehXlg/kFVnos3rEvtKTjRvOWSzb6H4=
github.com/stretchr/testify v1.5.1/go.mod h1:5W2xD1RspED5o8YsWQXVCued0rvSQ+mT+I5cxcmMvtA=
github.com/urfave/cli/v2 v2.1.1/go.mod h1:SE9GqnLQmjVa0iPEY0f1w3ygNIYcIJ0OKPMoW2caLfQ=
gopkg.in/check.v1 v0.0.0-20161208181325-20d25e280405 h1:yhCVgyC4o1eVCa2tZl7eS0r+SDo693bJlVdllGtEeKM=
gopkg.in/check.v1 v0.0.0-20161208181325-20d25e280405/go.mod h1:Co6ibVJAznAaIkqp8huTwlJQCZ016jof/cbN4VW5Yz0=
gopkg.in/yaml.v2 v2.2.2 h1:ZCJp+EgiOT7lHqUV2J862kp8Qj64Jo6az82+3Td9dZw=
gopkg.in/yaml.v2 v2.2.2/go.mod h1:hI93XBmqTisBFMUTm0b8Fm+jr3Dg1NNxqwp+5A1VGuI=
